
Microsoft Visual Studio Solution File, Format Version 12.00
# Visual Studio Version 17
VisualStudioVersion = 17.7.34202.233
MinimumVisualStudioVersion = 10.0.40219.1
Project("{8BC9CEB8-8B4A-11D0-8D11-00A0C91BC942}") = "PerceptionChallenge", "PerceptionChallenge\PerceptionChallenge.vcxproj", "{97E80DF6-4535-41D7-A817-BCD1F0A7FE62}"
EndProject
Global
	GlobalSection(SolutionConfigurationPlatforms) = preSolution
		Debug|x64 = Debug|x64
		Debug|x86 = Debug|x86
		Release|x64 = Release|x64
		Release|x86 = Release|x86
	EndGlobalSection
	GlobalSection(ProjectConfigurationPlatforms) = postSolution
		{97E80DF6-4535-41D7-A817-BCD1F0A7FE62}.Debug|x64.ActiveCfg = Debug|x64
		{97E80DF6-4535-41D7-A817-BCD1F0A7FE62}.Debug|x64.Build.0 = Debug|x64
		{97E80DF6-4535-41D7-A817-BCD1F0A7FE62}.Debug|x86.ActiveCfg = Debug|Win32
		{97E80DF6-4535-41D7-A817-BCD1F0A7FE62}.Debug|x86.Build.0 = Debug|Win32
		{97E80DF6-4535-41D7-A817-BCD1F0A7FE62}.Release|x64.ActiveCfg = Release|x64
		{97E80DF6-4535-41D7-A817-BCD1F0A7FE62}.Release|x64.Build.0 = Release|x64
		{97E80DF6-4535-41D7-A817-BCD1F0A7FE62}.Release|x86.ActiveCfg = Release|Win32
		{97E80DF6-4535-41D7-A817-BCD1F0A7FE62}.Release|x86.Build.0 = Release|Win32
	EndGlobalSection
	GlobalSection(SolutionProperties) = preSolution
		HideSolutionNode = FALSE
	EndGlobalSection
	GlobalSection(ExtensibilityGlobals) = postSolution
		SolutionGuid = {644D53A4-6F79-45A6-922D-DD7814006744}
	EndGlobalSection
EndGlobal
